
Microsoft Visual Studio Solution File, Format Version 12.00
# Visual Studio Version 16
VisualStudioVersion = 16.0.29519.87
MinimumVisualStudioVersion = 10.0.40219.1
Project("{FAE04EC0-301F-11D3-BF4B-00C04F79EFBC}") = "Arglib", "Arglib\Arglib.csproj", "{7E618FEE-AAB6-4F12-B0F5-15D9E7FDEB6B}"
EndProject
Project("{FAE04EC0-301F-11D3-BF4B-00C04F79EFBC}") = "Arglib.Tests", "Arglib.Tests\Arglib.Tests.csproj", "{C70CFC5D-C1DF-412D-9BB6-BDE8E324F6FE}"
EndProject
Global
	GlobalSection(SolutionConfigurationPlatforms) = preSolution
		Debug|Any CPU = Debug|Any CPU
		Release|Any CPU = Release|Any CPU
	EndGlobalSection
	GlobalSection(ProjectConfigurationPlatforms) = postSolution
		{7E618FEE-AAB6-4F12-B0F5-15D9E7FDEB6B}.Debug|Any CPU.ActiveCfg = Debug|Any CPU
		{7E618FEE-AAB6-4F12-B0F5-15D9E7FDEB6B}.Debug|Any CPU.Build.0 = Debug|Any CPU
		{7E618FEE-AAB6-4F12-B0F5-15D9E7FDEB6B}.Release|Any CPU.ActiveCfg = Release|Any CPU
		{7E618FEE-AAB6-4F12-B0F5-15D9E7FDEB6B}.Release|Any CPU.Build.0 = Release|Any CPU
		{C70CFC5D-C1DF-412D-9BB6-BDE8E324F6FE}.Debug|Any CPU.ActiveCfg = Debug|Any CPU
		{C70CFC5D-C1DF-412D-9BB6-BDE8E324F6FE}.Debug|Any CPU.Build.0 = Debug|Any CPU
		{C70CFC5D-C1DF-412D-9BB6-BDE8E324F6FE}.Release|Any CPU.ActiveCfg = Release|Any CPU
		{C70CFC5D-C1DF-412D-9BB6-BDE8E324F6FE}.Release|Any CPU.Build.0 = Release|Any CPU
	EndGlobalSection
	GlobalSection(SolutionProperties) = preSolution
		HideSolutionNode = FALSE
	EndGlobalSection
	GlobalSection(ExtensibilityGlobals) = postSolution
		SolutionGuid = {F2E2E9E5-5885-4CD3-B1E5-5297A13E7636}
	EndGlobalSection
EndGlobal
